PODS:
  - ATLog (0.0.2)
  - GSLocalization (0.1.3):
    - ATLog
    - GSLog
  - GSLog (0.0.2):
    - ATLog
  - InputValidators (1.0.0)
  - SCViewShaker (1.0.2)

DEPENDENCIES:
  - GSLocalization
  - InputValidators
  - SCViewShaker

SPEC REPOS:
  https://github.com/cocoapods/specs.git:
    - ATLog
    - GSLocalization
    - GSLog
    - InputValidators
    - SCViewShaker

SPEC CHECKSUMS:
  ATLog: e9c8afd11e4108381fdc862e9ccb793435f8c259
  GSLocalization: 42206bb56f4a50f66d6c07b1e486bf9f3285dfc9
  GSLog: 5038ec3d241c5a08098a1a7a19ed6a545652da4d
  InputValidators: b278d3042d23893533d688cfb1563370d4cb184e
  SCViewShaker: ebd2937cc5ac1de808164bcb5be2a23c8a6e7ab6

PODFILE CHECKSUM: f2e9962f06aa105ba8d13c1f9063dcbb8041c39a

COCOAPODS: 1.5.3
